// !$*UTF8*$!
{
	archiveVersion = 1;
	classes = {
	};
	objectVersion = 46;
	objects = {

/* Begin PBXBuildFile section */
		E63C6F941A211DF100DF214F /* AppDelegate.swift in Sources */ = {isa = PBXBuildFile; fileRef = E63C6F931A211DF100DF214F /* AppDelegate.swift */; };
		E63C6F991A211DF100DF214F /* Main.storyboard in Resources */ = {isa = PBXBuildFile; fileRef = E63C6F971A211DF100DF214F /* Main.storyboard */; };
		E63C6FAA1A211DF100DF214F /* ConstantsTests.swift in Sources */ = {isa = PBXBuildFile; fileRef = E63C6FA91A211DF100DF214F /* ConstantsTests.swift */; };
		E63C6FB41A211E3600DF214F /* ConstantViewController.swift in Sources */ = {isa = PBXBuildFile; fileRef = E63C6FB31A211E3600DF214F /* ConstantViewController.swift */; };
		E64400BB1A48EE3E0028BD64 /* LifeSavers-Bold.ttf in Resources */ = {isa = PBXBuildFile; fileRef = E64400B91A48EE3E0028BD64 /* LifeSavers-Bold.ttf */; };
		E64400BC1A48EE3E0028BD64 /* LifeSavers-Regular.ttf in Resources */ = {isa = PBXBuildFile; fileRef = E64400BA1A48EE3E0028BD64 /* LifeSavers-Regular.ttf */; };
		E665D88E1A854BD700185FE7 /* selected.png in Resources */ = {isa = PBXBuildFile; fileRef = E665D88D1A854BD700185FE7 /* selected.png */; };
		E6862ED81A212A680020313D /* FavoritesViewController.swift in Sources */ = {isa = PBXBuildFile; fileRef = E6862ED71A212A680020313D /* FavoritesViewController.swift */; };
		E68F53DD1A215E1A000DE1BE /* CreateConstantViewController.swift in Sources */ = {isa = PBXBuildFile; fileRef = E68F53DC1A215E1A000DE1BE /* CreateConstantViewController.swift */; };
		E69B6D471A3D69D8005B95A7 /* ProximaNovaSoft-Bold.otf in Resources */ = {isa = PBXBuildFile; fileRef = E69B6D461A3D69D8005B95A7 /* ProximaNovaSoft-Bold.otf */; };
		E69B6D491A3E4207005B95A7 /* Images.xcassets in Resources */ = {isa = PBXBuildFile; fileRef = E69B6D481A3E4207005B95A7 /* Images.xcassets */; };
		E6BF1C9F1A2120A800E0AF4A /* ConstantDetailViewController.swift in Sources */ = {isa = PBXBuildFile; fileRef = E6BF1C9E1A2120A800E0AF4A /* ConstantDetailViewController.swift */; };
/* End PBXBuildFile section */

/* Begin PBXContainerItemProxy section */
		E63C6FA41A211DF100DF214F /* PBXContainerItemProxy */ = {
			isa = PBXContainerItemProxy;
			containerPortal = E63C6F861A211DF100DF214F /* Project object */;
			proxyType = 1;
			remoteGlobalIDString = E63C6F8D1A211DF100DF214F;
			remoteInfo = Constants;
		};
/* End PBXContainerItemProxy section */

/* Begin PBXFileReference section */
		E63C6F8E1A211DF100DF214F /* Constants.app */ = {isa = PBXFileReference; explicitFileType = wrapper.application; includeInIndex = 0; path = Constants.app; sourceTree = BUILT_PRODUCTS_DIR; };
		E63C6F921A211DF100DF214F /* Info.plist */ = {isa = PBXFileReference; lastKnownFileType = text.plist.xml; path = Info.plist; sourceTree = "<group>"; };
		E63C6F931A211DF100DF214F /* AppDelegate.swift */ = {isa = PBXFileReference; lastKnownFileType = sourcecode.swift; path = AppDelegate.swift; sourceTree = "<group>"; };
		E63C6F981A211DF100DF214F /* Base */ = {isa = PBXFileReference; lastKnownFileType = file.storyboard; name = Base; path = Base.lproj/Main.storyboard; sourceTree = "<group>"; };
		E63C6FA31A211DF100DF214F /* ConstantsTests.xctest */ = {isa = PBXFileReference; explicitFileType = wrapper.cfbundle; includeInIndex = 0; path = ConstantsTests.xctest; sourceTree = BUILT_PRODUCTS_DIR; };
		E63C6FA81A211DF100DF214F /* Info.plist */ = {isa = PBXFileReference; lastKnownFileType = text.plist.xml; path = Info.plist; sourceTree = "<group>"; };
		E63C6FA91A211DF100DF214F /* ConstantsTests.swift */ = {isa = PBXFileReference; lastKnownFileType = sourcecode.swift; path = ConstantsTests.swift; sourceTree = "<group>"; };
		E63C6FB31A211E3600DF214F /* ConstantViewController.swift */ = {isa = PBXFileReference; fileEncoding = 4; lastKnownFileType = sourcecode.swift; path = ConstantViewController.swift; sourceTree = "<group>"; };
		E64400B91A48EE3E0028BD64 /* LifeSavers-Bold.ttf */ = {isa = PBXFileReference; lastKnownFileType = file; name = "LifeSavers-Bold.ttf"; path = "../LifeSavers-Bold.ttf"; sourceTree = "<group>"; };
		E64400BA1A48EE3E0028BD64 /* LifeSavers-Regular.ttf */ = {isa = PBXFileReference; lastKnownFileType = file; name = "LifeSavers-Regular.ttf"; path = "../LifeSavers-Regular.ttf"; sourceTree = "<group>"; };
		E665D88D1A854BD700185FE7 /* selected.png */ = {isa = PBXFileReference; lastKnownFileType = image.png; path = selected.png; sourceTree = "<group>"; };
		E6862ED71A212A680020313D /* FavoritesViewController.swift */ = {isa = PBXFileReference; fileEncoding = 4; lastKnownFileType = sourcecode.swift; path = FavoritesViewController.swift; sourceTree = "<group>"; };
		E68F53DC1A215E1A000DE1BE /* CreateConstantViewController.swift */ = {isa = PBXFileReference; fileEncoding = 4; lastKnownFileType = sourcecode.swift; path = CreateConstantViewController.swift; sourceTree = "<group>"; };
		E69B6D461A3D69D8005B95A7 /* ProximaNovaSoft-Bold.otf */ = {isa = PBXFileReference; lastKnownFileType = file; path = "ProximaNovaSoft-Bold.otf"; sourceTree = "<group>"; };
		E69B6D481A3E4207005B95A7 /* Images.xcassets */ = {isa = PBXFileReference; lastKnownFileType = folder.assetcatalog; path = Images.xcassets; sourceTree = "<group>"; };
		E6BF1C9E1A2120A800E0AF4A /* ConstantDetailViewController.swift */ = {isa = PBXFileReference; fileEncoding = 4; lastKnownFileType = sourcecode.swift; path = ConstantDetailViewController.swift; sourceTree = "<group>"; };
/* End PBXFileReference section */

/* Begin PBXFrameworksBuildPhase section */
		E63C6F8B1A211DF100DF214F /* Frameworks */ = {
			isa = PBXFrameworksBuildPhase;
			buildActionMask = 2147483647;
			files = (
			);
			runOnlyForDeploymentPostprocessing = 0;
		};
		E63C6FA01A211DF100DF214F /* Frameworks */ = {
			isa = PBXFrameworksBuildPhase;
			buildActionMask = 2147483647;
			files = (
			);
			runOnlyForDeploymentPostprocessing = 0;
		};
/* End PBXFrameworksBuildPhase section */

/* Begin PBXGroup section */
		E63C6F851A211DF100DF214F = {
			isa = PBXGroup;
			children = (
				E63C6F901A211DF100DF214F /* Constants */,
				E63C6FA61A211DF100DF214F /* ConstantsTests */,
				E63C6F8F1A211DF100DF214F /* Products */,
			);
			sourceTree = "<group>";
		};
		E63C6F8F1A211DF100DF214F /* Products */ = {
			isa = PBXGroup;
			children = (
				E63C6F8E1A211DF100DF214F /* Constants.app */,
				E63C6FA31A211DF100DF214F /* ConstantsTests.xctest */,
			);
			name = Products;
			sourceTree = "<group>";
		};
		E63C6F901A211DF100DF214F /* Constants */ = {
			isa = PBXGroup;
			children = (
				E63C6F931A211DF100DF214F /* AppDelegate.swift */,
				E63C6F971A211DF100DF214F /* Main.storyboard */,
				E64400B91A48EE3E0028BD64 /* LifeSavers-Bold.ttf */,
				E64400BA1A48EE3E0028BD64 /* LifeSavers-Regular.ttf */,
				E69B6D461A3D69D8005B95A7 /* ProximaNovaSoft-Bold.otf */,
				E68F53DC1A215E1A000DE1BE /* CreateConstantViewController.swift */,
				E665D88D1A854BD700185FE7 /* selected.png */,
				E6862ED71A212A680020313D /* FavoritesViewController.swift */,
				E6BF1C9E1A2120A800E0AF4A /* ConstantDetailViewController.swift */,
				E63C6FB31A211E3600DF214F /* ConstantViewController.swift */,
				E69B6D481A3E4207005B95A7 /* Images.xcassets */,
				E63C6F911A211DF100DF214F /* Supporting Files */,
			);
			path = Constants;
			sourceTree = "<group>";
		};
		E63C6F911A211DF100DF214F /* Supporting Files */ = {
			isa = PBXGroup;
			children = (
				E63C6F921A211DF100DF214F /* Info.plist */,
			);
			name = "Supporting Files";
			sourceTree = "<group>";
		};
		E63C6FA61A211DF100DF214F /* ConstantsTests */ = {
			isa = PBXGroup;
			children = (
				E63C6FA91A211DF100DF214F /* ConstantsTests.swift */,
				E63C6FA71A211DF100DF214F /* Supporting Files */,
			);
			path = ConstantsTests;
			sourceTree = "<group>";
		};
		E63C6FA71A211DF100DF214F /* Supporting Files */ = {
			isa = PBXGroup;
			children = (
				E63C6FA81A211DF100DF214F /* Info.plist */,
			);
			name = "Supporting Files";
			sourceTree = "<group>";
		};
/* End PBXGroup section */

/* Begin PBXNativeTarget section */
		E63C6F8D1A211DF100DF214F /* Constants */ = {
			isa = PBXNativeTarget;
			buildConfigurationList = E63C6FAD1A211DF100DF214F /* Build configuration list for PBXNativeTarget "Constants" */;
			buildPhases = (
				E63C6F8A1A211DF100DF214F /* Sources */,
				E63C6F8B1A211DF100DF214F /* Frameworks */,
				E63C6F8C1A211DF100DF214F /* Resources */,
			);
			buildRules = (
			);
			dependencies = (
			);
			name = Constants;
			productName = Constants;
			productReference = E63C6F8E1A211DF100DF214F /* Constants.app */;
			productType = "com.apple.product-type.application";
		};
		E63C6FA21A211DF100DF214F /* ConstantsTests */ = {
			isa = PBXNativeTarget;
			buildConfigurationList = E63C6FB01A211DF100DF214F /* Build configuration list for PBXNativeTarget "ConstantsTests" */;
			buildPhases = (
				E63C6F9F1A211DF100DF214F /* Sources */,
				E63C6FA01A211DF100DF214F /* Frameworks */,
				E63C6FA11A211DF100DF214F /* Resources */,
			);
			buildRules = (
			);
			dependencies = (
				E63C6FA51A211DF100DF214F /* PBXTargetDependency */,
			);
			name = ConstantsTests;
			productName = ConstantsTests;
			productReference = E63C6FA31A211DF100DF214F /* ConstantsTests.xctest */;
			productType = "com.apple.product-type.bundle.unit-test";
		};
/* End PBXNativeTarget section */

/* Begin PBXProject section */
		E63C6F861A211DF100DF214F /* Project object */ = {
			isa = PBXProject;
			attributes = {
				LastUpgradeCheck = 0610;
				ORGANIZATIONNAME = "Sean Hoyt";
				TargetAttributes = {
					E63C6F8D1A211DF100DF214F = {
						CreatedOnToolsVersion = 6.1;
						DevelopmentTeam = 383RANV7C9;
					};
					E63C6FA21A211DF100DF214F = {
						CreatedOnToolsVersion = 6.1;
						TestTargetID = E63C6F8D1A211DF100DF214F;
					};
				};
			};
			buildConfigurationList = E63C6F891A211DF100DF214F /* Build configuration list for PBXProject "Constants" */;
			compatibilityVersion = "Xcode 3.2";
			developmentRegion = English;
			hasScannedForEncodings = 0;
			knownRegions = (
				en,
				Base,
			);
			mainGroup = E63C6F851A211DF100DF214F;
			productRefGroup = E63C6F8F1A211DF100DF214F /* Products */;
			projectDirPath = "";
			projectRoot = "";
			targets = (
				E63C6F8D1A211DF100DF214F /* Constants */,
				E63C6FA21A211DF100DF214F /* ConstantsTests */,
			);
		};
/* End PBXProject section */

/* Begin PBXResourcesBuildPhase section */
		E63C6F8C1A211DF100DF214F /* Resources */ = {
			isa = PBXResourcesBuildPhase;
			buildActionMask = 2147483647;
			files = (
				E665D88E1A854BD700185FE7 /* selected.png in Resources */,
				E64400BC1A48EE3E0028BD64 /* LifeSavers-Regular.ttf in Resources */,
				E69B6D491A3E4207005B95A7 /* Images.xcassets in Resources */,
				E64400BB1A48EE3E0028BD64 /* LifeSavers-Bold.ttf in Resources */,
				E63C6F991A211DF100DF214F /* Main.storyboard in Resources */,
				E69B6D471A3D69D8005B95A7 /* ProximaNovaSoft-Bold.otf in Resources */,
			);
			runOnlyForDeploymentPostprocessing = 0;
		};
		E63C6FA11A211DF100DF214F /* Resources */ = {
			isa = PBXResourcesBuildPhase;
			buildActionMask = 2147483647;
			files = (
			);
			runOnlyForDeploymentPostprocessing = 0;
		};
/* End PBXResourcesBuildPhase section */

/* Begin PBXSourcesBuildPhase section */
		E63C6F8A1A211DF100DF214F /* Sources */ = {
			isa = PBXSourcesBuildPhase;
			buildActionMask = 2147483647;
			files = (
				E63C6FB41A211E3600DF214F /* ConstantViewController.swift in Sources */,
				E6BF1C9F1A2120A800E0AF4A /* ConstantDetailViewController.swift in Sources */,
				E68F53DD1A215E1A000DE1BE /* CreateConstantViewController.swift in Sources */,
				E6862ED81A212A680020313D /* FavoritesViewController.swift in Sources */,
				E63C6F941A211DF100DF214F /* AppDelegate.swift in Sources */,
			);
			runOnlyForDeploymentPostprocessing = 0;
		};
		E63C6F9F1A211DF100DF214F /* Sources */ = {
			isa = PBXSourcesBuildPhase;
			buildActionMask = 2147483647;
			files = (
				E63C6FAA1A211DF100DF214F /* ConstantsTests.swift in Sources */,
			);
			runOnlyForDeploymentPostprocessing = 0;
		};
/* End PBXSourcesBuildPhase section */

/* Begin PBXTargetDependency section */
		E63C6FA51A211DF100DF214F /* PBXTargetDependency */ = {
			isa = PBXTargetDependency;
			target = E63C6F8D1A211DF100DF214F /* Constants */;
			targetProxy = E63C6FA41A211DF100DF214F /* PBXContainerItemProxy */;
		};
/* End PBXTargetDependency section */

/* Begin PBXVariantGroup section */
		E63C6F971A211DF100DF214F /* Main.storyboard */ = {
			isa = PBXVariantGroup;
			children = (
				E63C6F981A211DF100DF214F /* Base */,
			);
			name = Main.storyboard;
			sourceTree = "<group>";
		};
/* End PBXVariantGroup section */

/* Begin XCBuildConfiguration section */
		E63C6FAB1A211DF100DF214F /* Debug */ = {
			isa = XCBuildConfiguration;
			buildSettings = {
				ALWAYS_SEARCH_USER_PATHS = NO;
				CLANG_CXX_LANGUAGE_STANDARD = "gnu++0x";
				CLANG_CXX_LIBRARY = "libc++";
				CLANG_ENABLE_MODULES = YES;
				CLANG_ENABLE_OBJC_ARC = YES;
				CLANG_WARN_BOOL_CONVERSION = YES;
				CLANG_WARN_CONSTANT_CONVERSION = YES;
				CLANG_WARN_DIRECT_OBJC_ISA_USAGE = YES_ERROR;
				CLANG_WARN_EMPTY_BODY = YES;
				CLANG_WARN_ENUM_CONVERSION = YES;
				CLANG_WARN_INT_CONVERSION = YES;
				CLANG_WARN_OBJC_ROOT_CLASS = YES_ERROR;
				CLANG_WARN_UNREACHABLE_CODE = YES;
				CLANG_WARN__DUPLICATE_METHOD_MATCH = YES;
				"CODE_SIGN_IDENTITY[sdk=iphoneos*]" = "iPhone Developer";
				COPY_PHASE_STRIP = NO;
				ENABLE_STRICT_OBJC_MSGSEND = YES;
				GCC_C_LANGUAGE_STANDARD = gnu99;
				GCC_DYNAMIC_NO_PIC = NO;
				GCC_OPTIMIZATION_LEVEL = 0;
				GCC_PREPROCESSOR_DEFINITIONS = (
					"DEBUG=1",
					"$(inherited)",
				);
				GCC_SYMBOLS_PRIVATE_EXTERN = NO;
				GCC_WARN_64_TO_32_BIT_CONVERSION = YES;
				GCC_WARN_ABOUT_RETURN_TYPE = YES_ERROR;
				GCC_WARN_UNDECLARED_SELECTOR = YES;
				GCC_WARN_UNINITIALIZED_AUTOS = YES_AGGRESSIVE;
				GCC_WARN_UNUSED_FUNCTION = YES;
				GCC_WARN_UNUSED_VARIABLE = YES;
				IPHONEOS_DEPLOYMENT_TARGET = 8.1;
				MTL_ENABLE_DEBUG_INFO = YES;
				ONLY_ACTIVE_ARCH = YES;
				SDKROOT = iphoneos;
				SWIFT_OPTIMIZATION_LEVEL = "-Onone";
				TARGETED_DEVICE_FAMILY = "1,2";
			};
			name = Debug;
		};
		E63C6FAC1A211DF100DF214F /* Release */ = {
			isa = XCBuildConfiguration;
			buildSettings = {
				ALWAYS_SEARCH_USER_PATHS = NO;
				CLANG_CXX_LANGUAGE_STANDARD = "gnu++0x";
				CLANG_CXX_LIBRARY = "libc++";
				CLANG_ENABLE_MODULES = YES;
				CLANG_ENABLE_OBJC_ARC = YES;
				CLANG_WARN_BOOL_CONVERSION = YES;
				CLANG_WARN_CONSTANT_CONVERSION = YES;
				CLANG_WARN_DIRECT_OBJC_ISA_USAGE = YES_ERROR;
				CLANG_WARN_EMPTY_BODY = YES;
				CLANG_WARN_ENUM_CONVERSION = YES;
				CLANG_WARN_INT_CONVERSION = YES;
				CLANG_WARN_OBJC_ROOT_CLASS = YES_ERROR;
				CLANG_WARN_UNREACHABLE_CODE = YES;
				CLANG_WARN__DUPLICATE_METHOD_MATCH = YES;
				"CODE_SIGN_IDENTITY[sdk=iphoneos*]" = "iPhone Developer";
				COPY_PHASE_STRIP = YES;
				ENABLE_NS_ASSERTIONS = NO;
				ENABLE_STRICT_OBJC_MSGSEND = YES;
				GCC_C_LANGUAGE_STANDARD = gnu99;
				GCC_WARN_64_TO_32_BIT_CONVERSION = YES;
				GCC_WARN_ABOUT_RETURN_TYPE = YES_ERROR;
				GCC_WARN_UNDECLARED_SELECTOR = YES;
				GCC_WARN_UNINITIALIZED_AUTOS = YES_AGGRESSIVE;
				GCC_WARN_UNUSED_FUNCTION = YES;
				GCC_WARN_UNUSED_VARIABLE = YES;
				IPHONEOS_DEPLOYMENT_TARGET = 8.1;
				MTL_ENABLE_DEBUG_INFO = NO;
				SDKROOT = iphoneos;
				TARGETED_DEVICE_FAMILY = "1,2";
				VALIDATE_PRODUCT = YES;
			};
			name = Release;
		};
		E63C6FAE1A211DF100DF214F /* Debug */ = {
			isa = XCBuildConfiguration;
			buildSettings = {
				ASSETCATALOG_COMPILER_APPICON_NAME = AppIcon;
				ASSETCATALOG_COMPILER_LAUNCHIMAGE_NAME = LaunchImage;
				CLANG_ENABLE_MODULES = YES;
				CODE_SIGN_IDENTITY = "iPhone Developer";
				"CODE_SIGN_IDENTITY[sdk=iphoneos*]" = "iPhone Developer";
				INFOPLIST_FILE = Constants/Info.plist;
				LD_RUNPATH_SEARCH_PATHS = "$(inherited) @executable_path/Frameworks";
				PRODUCT_NAME = "$(TARGET_NAME)";
				PROVISIONING_PROFILE = "";
				SWIFT_OPTIMIZATION_LEVEL = "-Onone";
			};
			name = Debug;
		};
		E63C6FAF1A211DF100DF214F /* Release */ = {
			isa = XCBuildConfiguration;
			buildSettings = {
				ASSETCATALOG_COMPILER_APPICON_NAME = AppIcon;
				ASSETCATALOG_COMPILER_LAUNCHIMAGE_NAME = LaunchImage;
				CLANG_ENABLE_MODULES = YES;
				CODE_SIGN_IDENTITY = "iPhone Developer";
				"CODE_SIGN_IDENTITY[sdk=iphoneos*]" = "iPhone Developer";
				INFOPLIST_FILE = Constants/Info.plist;
				LD_RUNPATH_SEARCH_PATHS = "$(inherited) @executable_path/Frameworks";
				PRODUCT_NAME = "$(TARGET_NAME)";
				PROVISIONING_PROFILE = "";
			};
			name = Release;
		};
		E63C6FB11A211DF100DF214F /* Debug */ = {
			isa = XCBuildConfiguration;
			buildSettings = {
				BUNDLE_LOADER = "$(TEST_HOST)";
				FRAMEWORK_SEARCH_PATHS = (
					"$(SDKROOT)/Developer/Library/Frameworks",
					"$(inherited)",
				);
				GCC_PREPROCESSOR_DEFINITIONS = (
					"DEBUG=1",
					"$(inherited)",
				);
				INFOPLIST_FILE = ConstantsTests/Info.plist;
				LD_RUNPATH_SEARCH_PATHS = "$(inherited) @executable_path/Frameworks @loader_path/Frameworks";
				PRODUCT_NAME = "$(TARGET_NAME)";
				TEST_HOST = "$(BUILT_PRODUCTS_DIR)/Constants.app/Constants";
			};
			name = Debug;
		};
		E63C6FB21A211DF100DF214F /* Release */ = {
			isa = XCBuildConfiguration;
			buildSettings = {
				BUNDLE_LOADER = "$(TEST_HOST)";
				FRAMEWORK_SEARCH_PATHS = (
					"$(SDKROOT)/Developer/Library/Frameworks",
					"$(inherited)",
				);
				INFOPLIST_FILE = ConstantsTests/Info.plist;
				LD_RUNPATH_SEARCH_PATHS = "$(inherited) @executable_path/Frameworks @loader_path/Frameworks";
				PRODUCT_NAME = "$(TARGET_NAME)";
				TEST_HOST = "$(BUILT_PRODUCTS_DIR)/Constants.app/Constants";
			};
			name = Release;
		};
/* End XCBuildConfiguration section */

/* Begin XCConfigurationList section */
		E63C6F891A211DF100DF214F /* Build configuration list for PBXProject "Constants" */ = {
			isa = XCConfigurationList;
			buildConfigurations = (
				E63C6FAB1A211DF100DF214F /* Debug */,
				E63C6FAC1A211DF100DF214F /* Release */,
			);
			defaultConfigurationIsVisible = 0;
			defaultConfigurationName = Release;
		};
		E63C6FAD1A211DF100DF214F /* Build configuration list for PBXNativeTarget "Constants" */ = {
			isa = XCConfigurationList;
			buildConfigurations = (
				E63C6FAE1A211DF100DF214F /* Debug */,
				E63C6FAF1A211DF100DF214F /* Release */,
			);
			defaultConfigurationIsVisible = 0;
			defaultConfigurationName = Release;
		};
		E63C6FB01A211DF100DF214F /* Build configuration list for PBXNativeTarget "ConstantsTests" */ = {
			isa = XCConfigurationList;
			buildConfigurations = (
				E63C6FB11A211DF100DF214F /* Debug */,
				E63C6FB21A211DF100DF214F /* Release */,
			);
			defaultConfigurationIsVisible = 0;
			defaultConfigurationName = Release;
		};
/* End XCConfigurationList section */
	};
	rootObject = E63C6F861A211DF100DF214F /* Project object */;
}
